Microsoft Visual Studio Solution File, Format Version 12.00
# Visual Studio Version 17
VisualStudioVersion = 17.5.2.0
MinimumVisualStudioVersion = 10.0.40219.1
Project("{FAE04EC0-301F-11D3-BF4B-00C04F79EFBC}") = "SistemaABM_Eventos_Data", "SistemaABM_Eventos_Data\SistemaABM_Eventos_Data.csproj", "{1E8E1D1F-CC3A-DDB8-71A7-65D848FE7359}"
EndProject
Global
	GlobalSection(SolutionConfigurationPlatforms) = preSolution
		Debug|Any CPU = Debug|Any CPU
		Release|Any CPU = Release|Any CPU
	EndGlobalSection
	GlobalSection(ProjectConfigurationPlatforms) = postSolution
		{1E8E1D1F-CC3A-DDB8-71A7-65D848FE7359}.Debug|Any CPU.ActiveCfg = Debug|Any CPU
		{1E8E1D1F-CC3A-DDB8-71A7-65D848FE7359}.Debug|Any CPU.Build.0 = Debug|Any CPU
		{1E8E1D1F-CC3A-DDB8-71A7-65D848FE7359}.Release|Any CPU.ActiveCfg = Release|Any CPU
		{1E8E1D1F-CC3A-DDB8-71A7-65D848FE7359}.Release|Any CPU.Build.0 = Release|Any CPU
	EndGlobalSection
	GlobalSection(SolutionProperties) = preSolution
		HideSolutionNode = FALSE
	EndGlobalSection
	GlobalSection(ExtensibilityGlobals) = postSolution
		SolutionGuid = {C6BB2E5F-182A-4483-BE36-A0132CFE8F2D}
	EndGlobalSection
EndGlobal
